# This file is automatically @generated by Cargo.
# It is not intended for manual editing.
version = 3

[[package]]
name = "miao-term-config"
version = "0.0.0"

[[package]]
name = "miao-term-core"
version = "0.0.0"

[[package]]
name = "miao-term-mtp"
version = "0.0.0"

[[package]]
name = "miao-term-render"
version = "0.0.0"
dependencies = [
 "miao-term-core",
]

[[package]]
name = "miao-term-widget"
version = "0.0.0"
dependencies = [
 "miao-term-core",
 "miao-term-render",
]

[[package]]
name = "miaotty-app"
version = "0.0.0"
dependencies = [
 "miao-term-config",
 "miao-term-core",
 "miao-term-mtp",
 "miao-term-render",
 "miao-term-widget",
]
